
Microsoft Visual Studio Solution File, Format Version 12.00
# Visual Studio Version 17
VisualStudioVersion = 17.5.33516.290
MinimumVisualStudioVersion = 10.0.40219.1
Project("{FAE04EC0-301F-11D3-BF4B-00C04F79EFBC}") = "metot_two", "metot_two\metot_two.csproj", "{4C4CEE2F-B402-45DA-971B-17FDE5BFF6BE}"
EndProject
Global
	GlobalSection(SolutionConfigurationPlatforms) = preSolution
		Debug|Any CPU = Debug|Any CPU
		Release|Any CPU = Release|Any CPU
	EndGlobalSection
	GlobalSection(ProjectConfigurationPlatforms) = postSolution
		{4C4CEE2F-B402-45DA-971B-17FDE5BFF6BE}.Debug|Any CPU.ActiveCfg = Debug|Any CPU
		{4C4CEE2F-B402-45DA-971B-17FDE5BFF6BE}.Debug|Any CPU.Build.0 = Debug|Any CPU
		{4C4CEE2F-B402-45DA-971B-17FDE5BFF6BE}.Release|Any CPU.ActiveCfg = Release|Any CPU
		{4C4CEE2F-B402-45DA-971B-17FDE5BFF6BE}.Release|Any CPU.Build.0 = Release|Any CPU
	EndGlobalSection
	GlobalSection(SolutionProperties) = preSolution
		HideSolutionNode = FALSE
	EndGlobalSection
	GlobalSection(ExtensibilityGlobals) = postSolution
		SolutionGuid = {1FA3B9BA-F4CB-4EDF-90A1-D9493C4DA4CA}
	EndGlobalSection
EndGlobal
